
Microsoft Visual Studio Solution File, Format Version 12.00
# Visual Studio Version 17
VisualStudioVersion = 17.7.34031.279
MinimumVisualStudioVersion = 10.0.40219.1
Project("{888888A0-9F3D-457C-B088-3A5042F75D52}") = "ESA1 Audiorekorder", "ESA1 Audiorekorder\ESA1 Audiorekorder.pyproj", "{5522684B-877F-49E8-9881-F88F2996C6F0}"
EndProject
Global
	GlobalSection(SolutionConfigurationPlatforms) = preSolution
		Debug|Any CPU = Debug|Any CPU
		Release|Any CPU = Release|Any CPU
	EndGlobalSection
	GlobalSection(ProjectConfigurationPlatforms) = postSolution
		{5522684B-877F-49E8-9881-F88F2996C6F0}.Debug|Any CPU.ActiveCfg = Debug|Any CPU
		{5522684B-877F-49E8-9881-F88F2996C6F0}.Release|Any CPU.ActiveCfg = Release|Any CPU
	EndGlobalSection
	GlobalSection(SolutionProperties) = preSolution
		HideSolutionNode = FALSE
	EndGlobalSection
	GlobalSection(ExtensibilityGlobals) = postSolution
		SolutionGuid = {A283B8C1-DBBD-4929-BA05-887236DB406A}
	EndGlobalSection
EndGlobal
